
Microsoft Visual Studio Solution File, Format Version 12.00
# Visual Studio Version 17
VisualStudioVersion = 17.3.32922.545
MinimumVisualStudioVersion = 10.0.40219.1
Project("{9A19103F-16F7-4668-BE54-9A1E7A4F7556}") = "AddressBookProblemADO", "AddressBookProblemADO.csproj", "{F8AD918F-8F84-4865-905E-0EB58E0CFD5B}"
EndProject
Project("{FAE04EC0-301F-11D3-BF4B-00C04F79EFBC}") = "AddressBookTestProject", "..\AddressBookTestProject\AddressBookTestProject.csproj", "{3E8F2111-C7E5-471D-96E3-F68375660CAA}"
EndProject
Global
	GlobalSection(SolutionConfigurationPlatforms) = preSolution
		Debug|Any CPU = Debug|Any CPU
		Release|Any CPU = Release|Any CPU
	EndGlobalSection
	GlobalSection(ProjectConfigurationPlatforms) = postSolution
		{F8AD918F-8F84-4865-905E-0EB58E0CFD5B}.Debug|Any CPU.ActiveCfg = Debug|Any CPU
		{F8AD918F-8F84-4865-905E-0EB58E0CFD5B}.Debug|Any CPU.Build.0 = Debug|Any CPU
		{F8AD918F-8F84-4865-905E-0EB58E0CFD5B}.Release|Any CPU.ActiveCfg = Release|Any CPU
		{F8AD918F-8F84-4865-905E-0EB58E0CFD5B}.Release|Any CPU.Build.0 = Release|Any CPU
		{3E8F2111-C7E5-471D-96E3-F68375660CAA}.Debug|Any CPU.ActiveCfg = Debug|Any CPU
		{3E8F2111-C7E5-471D-96E3-F68375660CAA}.Debug|Any CPU.Build.0 = Debug|Any CPU
		{3E8F2111-C7E5-471D-96E3-F68375660CAA}.Release|Any CPU.ActiveCfg = Release|Any CPU
		{3E8F2111-C7E5-471D-96E3-F68375660CAA}.Release|Any CPU.Build.0 = Release|Any CPU
	EndGlobalSection
	GlobalSection(SolutionProperties) = preSolution
		HideSolutionNode = FALSE
	EndGlobalSection
	GlobalSection(ExtensibilityGlobals) = postSolution
		SolutionGuid = {B1BDFD77-90CF-47AB-A947-7048CDF3BE66}
	EndGlobalSection
EndGlobal
